
Microsoft Visual Studio Solution File, Format Version 12.00
# Visual Studio Version 17
VisualStudioVersion = 17.6.33723.286
MinimumVisualStudioVersion = 10.0.40219.1
Project("{FAE04EC0-301F-11D3-BF4B-00C04F79EFBC}") = "University", "University\University.csproj", "{6426C0D3-AFB6-43AE-82C8-02D29B2D8C38}"
EndProject
Global
	GlobalSection(SolutionConfigurationPlatforms) = preSolution
		Debug|Any CPU = Debug|Any CPU
		Release|Any CPU = Release|Any CPU
	EndGlobalSection
	GlobalSection(ProjectConfigurationPlatforms) = postSolution
		{6426C0D3-AFB6-43AE-82C8-02D29B2D8C38}.Debug|Any CPU.ActiveCfg = Debug|Any CPU
		{6426C0D3-AFB6-43AE-82C8-02D29B2D8C38}.Debug|Any CPU.Build.0 = Debug|Any CPU
		{6426C0D3-AFB6-43AE-82C8-02D29B2D8C38}.Release|Any CPU.ActiveCfg = Release|Any CPU
		{6426C0D3-AFB6-43AE-82C8-02D29B2D8C38}.Release|Any CPU.Build.0 = Release|Any CPU
	EndGlobalSection
	GlobalSection(SolutionProperties) = preSolution
		HideSolutionNode = FALSE
	EndGlobalSection
	GlobalSection(ExtensibilityGlobals) = postSolution
		SolutionGuid = {06A7087D-78E4-429F-9A29-699C2746D8B5}
	EndGlobalSection
EndGlobal
